
Microsoft Visual Studio Solution File, Format Version 12.00
# Visual Studio Version 16
VisualStudioVersion = 16.0.29905.134
MinimumVisualStudioVersion = 10.0.40219.1
Project("{FAE04EC0-301F-11D3-BF4B-00C04F79EFBC}") = "导师", "导师.csproj", "{EE927F79-E70D-4054-81BD-1A0412C84DBE}"
EndProject
Global
	GlobalSection(SolutionConfigurationPlatforms) = preSolution
		Debug|Any CPU = Debug|Any CPU
		Release|Any CPU = Release|Any CPU
	EndGlobalSection
	GlobalSection(ProjectConfigurationPlatforms) = postSolution
		{EE927F79-E70D-4054-81BD-1A0412C84DBE}.Debug|Any CPU.ActiveCfg = Debug|Any CPU
		{EE927F79-E70D-4054-81BD-1A0412C84DBE}.Debug|Any CPU.Build.0 = Debug|Any CPU
		{EE927F79-E70D-4054-81BD-1A0412C84DBE}.Release|Any CPU.ActiveCfg = Release|Any CPU
		{EE927F79-E70D-4054-81BD-1A0412C84DBE}.Release|Any CPU.Build.0 = Release|Any CPU
	EndGlobalSection
	GlobalSection(SolutionProperties) = preSolution
		HideSolutionNode = FALSE
	EndGlobalSection
	GlobalSection(ExtensibilityGlobals) = postSolution
		SolutionGuid = {A5C098E8-B736-4BCD-825C-E88A847A1B9C}
	EndGlobalSection
EndGlobal
